
Microsoft Visual Studio Solution File, Format Version 12.00
# Visual Studio Version 17
VisualStudioVersion = 17.3.32901.215
MinimumVisualStudioVersion = 10.0.40219.1
Project("{FAE04EC0-301F-11D3-BF4B-00C04F79EFBC}") = "Ejercicio de POO", "Ejercicio de POO\Ejercicio de POO.csproj", "{2BFEC444-0F35-4375-94B8-FB7B838766B7}"
EndProject
Global
	GlobalSection(SolutionConfigurationPlatforms) = preSolution
		Debug|Any CPU = Debug|Any CPU
		Release|Any CPU = Release|Any CPU
	EndGlobalSection
	GlobalSection(ProjectConfigurationPlatforms) = postSolution
		{2BFEC444-0F35-4375-94B8-FB7B838766B7}.Debug|Any CPU.ActiveCfg = Debug|Any CPU
		{2BFEC444-0F35-4375-94B8-FB7B838766B7}.Debug|Any CPU.Build.0 = Debug|Any CPU
		{2BFEC444-0F35-4375-94B8-FB7B838766B7}.Release|Any CPU.ActiveCfg = Release|Any CPU
		{2BFEC444-0F35-4375-94B8-FB7B838766B7}.Release|Any CPU.Build.0 = Release|Any CPU
	EndGlobalSection
	GlobalSection(SolutionProperties) = preSolution
		HideSolutionNode = FALSE
	EndGlobalSection
	GlobalSection(ExtensibilityGlobals) = postSolution
		SolutionGuid = {311D5080-B84B-412A-9AFD-7B25F911E6F7}
	EndGlobalSection
EndGlobal
