
Microsoft Visual Studio Solution File, Format Version 12.00
# Visual Studio Version 17
VisualStudioVersion = 17.3.32901.215
MinimumVisualStudioVersion = 10.0.40219.1
Project("{FAE04EC0-301F-11D3-BF4B-00C04F79EFBC}") = "ExcepcionesExtensiones", "ExcepcionesExtensiones\ExcepcionesExtensiones.csproj", "{BDCAB9F7-758E-4C2D-B895-5D4385471477}"
EndProject
Global
	GlobalSection(SolutionConfigurationPlatforms) = preSolution
		Debug|Any CPU = Debug|Any CPU
		Release|Any CPU = Release|Any CPU
	EndGlobalSection
	GlobalSection(ProjectConfigurationPlatforms) = postSolution
		{BDCAB9F7-758E-4C2D-B895-5D4385471477}.Debug|Any CPU.ActiveCfg = Debug|Any CPU
		{BDCAB9F7-758E-4C2D-B895-5D4385471477}.Debug|Any CPU.Build.0 = Debug|Any CPU
		{BDCAB9F7-758E-4C2D-B895-5D4385471477}.Release|Any CPU.ActiveCfg = Release|Any CPU
		{BDCAB9F7-758E-4C2D-B895-5D4385471477}.Release|Any CPU.Build.0 = Release|Any CPU
	EndGlobalSection
	GlobalSection(SolutionProperties) = preSolution
		HideSolutionNode = FALSE
	EndGlobalSection
	GlobalSection(ExtensibilityGlobals) = postSolution
		SolutionGuid = {C6FBA327-E5F6-4082-BB35-EC89FB29D878}
	EndGlobalSection
EndGlobal
